// !$*UTF8*$!
{
	archiveVersion = 1;
	classes = {
	};
	objectVersion = 56;
	objects = {

/* Begin PBXBuildFile section */
		F92757F92B2B720A009A8F9A /* SignInFooter.swift in Sources */ = {isa = PBXBuildFile; fileRef = F92757F82B2B720A009A8F9A /* SignInFooter.swift */; };
		F92757FB2B2B7600009A8F9A /* Logo.swift in Sources */ = {isa = PBXBuildFile; fileRef = F92757FA2B2B7600009A8F9A /* Logo.swift */; };
		F92757FD2B2B8315009A8F9A /* LaunchScreen.storyboard in Resources */ = {isa = PBXBuildFile; fileRef = F92757FC2B2B8315009A8F9A /* LaunchScreen.storyboard */; };
		F92757FF2B2B99E5009A8F9A /* HomeView.swift in Sources */ = {isa = PBXBuildFile; fileRef = F92757FE2B2B99E5009A8F9A /* HomeView.swift */; };
		F9317E092B25E484007B17DE /* SplashScreen.swift in Sources */ = {isa = PBXBuildFile; fileRef = F9317E082B25E484007B17DE /* SplashScreen.swift */; };
		F9317E0B2B25E5EC007B17DE /* SplashScreenViewModel.swift in Sources */ = {isa = PBXBuildFile; fileRef = F9317E0A2B25E5EC007B17DE /* SplashScreenViewModel.swift */; };
		F9317E0D2B25E755007B17DE /* BackButtonViewModel.swift in Sources */ = {isa = PBXBuildFile; fileRef = F9317E0C2B25E755007B17DE /* BackButtonViewModel.swift */; };
		F9317E0F2B25E7A7007B17DE /* BackButtonView.swift in Sources */ = {isa = PBXBuildFile; fileRef = F9317E0E2B25E7A7007B17DE /* BackButtonView.swift */; };
		F9317E112B25EBA8007B17DE /* NeedHelp.swift in Sources */ = {isa = PBXBuildFile; fileRef = F9317E102B25EBA8007B17DE /* NeedHelp.swift */; };
		F9317E142B25F028007B17DE /* SliderCircles.swift in Sources */ = {isa = PBXBuildFile; fileRef = F9317E132B25F028007B17DE /* SliderCircles.swift */; };
		F9317E162B25FA94007B17DE /* SignUpViewNext.swift in Sources */ = {isa = PBXBuildFile; fileRef = F9317E152B25FA94007B17DE /* SignUpViewNext.swift */; };
		F9317E182B25FBD6007B17DE /* SignUpHeader.swift in Sources */ = {isa = PBXBuildFile; fileRef = F9317E172B25FBD6007B17DE /* SignUpHeader.swift */; };
		F9317E1A2B25FCEE007B17DE /* SignUpViewFinish.swift in Sources */ = {isa = PBXBuildFile; fileRef = F9317E192B25FCEE007B17DE /* SignUpViewFinish.swift */; };
		F96D42342B20EF52001B53DB /* Orkut_UiApp.swift in Sources */ = {isa = PBXBuildFile; fileRef = F96D42332B20EF52001B53DB /* Orkut_UiApp.swift */; };
		F96D42362B20EF52001B53DB /* ContentView.swift in Sources */ = {isa = PBXBuildFile; fileRef = F96D42352B20EF52001B53DB /* ContentView.swift */; };
		F96D42382B20EF53001B53DB /* Assets.xcassets in Resources */ = {isa = PBXBuildFile; fileRef = F96D42372B20EF53001B53DB /* Assets.xcassets */; };
		F96D423B2B20EF53001B53DB /* Preview Assets.xcassets in Resources */ = {isa = PBXBuildFile; fileRef = F96D423A2B20EF53001B53DB /* Preview Assets.xcassets */; };
		F96D42492B21FC4E001B53DB /* SignInView.swift in Sources */ = {isa = PBXBuildFile; fileRef = F96D42482B21FC4E001B53DB /* SignInView.swift */; };
		F96D424B2B21FC68001B53DB /* SignUpView.swift in Sources */ = {isa = PBXBuildFile; fileRef = F96D424A2B21FC68001B53DB /* SignUpView.swift */; };
		F96D424D2B2200EA001B53DB /* OnboardingModels.swift in Sources */ = {isa = PBXBuildFile; fileRef = F96D424C2B2200EA001B53DB /* OnboardingModels.swift */; };
		F96D42522B2201DF001B53DB /* Onboarding.swift in Sources */ = {isa = PBXBuildFile; fileRef = F96D42512B2201DF001B53DB /* Onboarding.swift */; };
		F96D42542B2210AE001B53DB /* SocialButton.swift in Sources */ = {isa = PBXBuildFile; fileRef = F96D42532B2210AE001B53DB /* SocialButton.swift */; };
		F96D42562B22140D001B53DB /* PrimaryButton.swift in Sources */ = {isa = PBXBuildFile; fileRef = F96D42552B22140D001B53DB /* PrimaryButton.swift */; };
		F96D42582B221581001B53DB /* InputField.swift in Sources */ = {isa = PBXBuildFile; fileRef = F96D42572B221581001B53DB /* InputField.swift */; };
		F988B74D2B2C931100914EB6 /* ImageStory.swift in Sources */ = {isa = PBXBuildFile; fileRef = F988B74C2B2C931100914EB6 /* ImageStory.swift */; };
		F988B74F2B2C9C9300914EB6 /* ImageProfile.swift in Sources */ = {isa = PBXBuildFile; fileRef = F988B74E2B2C9C9300914EB6 /* ImageProfile.swift */; };
		F988B7512B2CDA1C00914EB6 /* FeedItem.swift in Sources */ = {isa = PBXBuildFile; fileRef = F988B7502B2CDA1C00914EB6 /* FeedItem.swift */; };
		F988B7532B2CDB2800914EB6 /* Header.swift in Sources */ = {isa = PBXBuildFile; fileRef = F988B7522B2CDB2800914EB6 /* Header.swift */; };
		F988B7552B2CDB6A00914EB6 /* StorySection.swift in Sources */ = {isa = PBXBuildFile; fileRef = F988B7542B2CDB6A00914EB6 /* StorySection.swift */; };
		F988B7572B2CED3A00914EB6 /* StoriesData.swift in Sources */ = {isa = PBXBuildFile; fileRef = F988B7562B2CED3A00914EB6 /* StoriesData.swift */; };
		F988B7592B2D049500914EB6 /* TabBarView.swift in Sources */ = {isa = PBXBuildFile; fileRef = F988B7582B2D049500914EB6 /* TabBarView.swift */; };
		F996FBC92B274FEC00335FF6 /* NextButton.swift in Sources */ = {isa = PBXBuildFile; fileRef = F996FBC82B274FEC00335FF6 /* NextButton.swift */; };
		F996FBCB2B2752DB00335FF6 /* OnboardingView.swift in Sources */ = {isa = PBXBuildFile; fileRef = F996FBCA2B2752DB00335FF6 /* OnboardingView.swift */; };
/* End PBXBuildFile section */

/* Begin PBXFileReference section */
		F92757F82B2B720A009A8F9A /* SignInFooter.swift */ = {isa = PBXFileReference; lastKnownFileType = sourcecode.swift; path = SignInFooter.swift; sourceTree = "<group>"; };
		F92757FA2B2B7600009A8F9A /* Logo.swift */ = {isa = PBXFileReference; lastKnownFileType = sourcecode.swift; path = Logo.swift; sourceTree = "<group>"; };
		F92757FC2B2B8315009A8F9A /* LaunchScreen.storyboard */ = {isa = PBXFileReference; lastKnownFileType = file.storyboard; path = LaunchScreen.storyboard; sourceTree = "<group>"; };
		F92757FE2B2B99E5009A8F9A /* HomeView.swift */ = {isa = PBXFileReference; lastKnownFileType = sourcecode.swift; path = HomeView.swift; sourceTree = "<group>"; };
		F9317E082B25E484007B17DE /* SplashScreen.swift */ = {isa = PBXFileReference; lastKnownFileType = sourcecode.swift; path = SplashScreen.swift; sourceTree = "<group>"; };
		F9317E0A2B25E5EC007B17DE /* SplashScreenViewModel.swift */ = {isa = PBXFileReference; lastKnownFileType = sourcecode.swift; path = SplashScreenViewModel.swift; sourceTree = "<group>"; };
		F9317E0C2B25E755007B17DE /* BackButtonViewModel.swift */ = {isa = PBXFileReference; lastKnownFileType = sourcecode.swift; path = BackButtonViewModel.swift; sourceTree = "<group>"; };
		F9317E0E2B25E7A7007B17DE /* BackButtonView.swift */ = {isa = PBXFileReference; lastKnownFileType = sourcecode.swift; path = BackButtonView.swift; sourceTree = "<group>"; };
		F9317E102B25EBA8007B17DE /* NeedHelp.swift */ = {isa = PBXFileReference; lastKnownFileType = sourcecode.swift; path = NeedHelp.swift; sourceTree = "<group>"; };
		F9317E132B25F028007B17DE /* SliderCircles.swift */ = {isa = PBXFileReference; lastKnownFileType = sourcecode.swift; path = SliderCircles.swift; sourceTree = "<group>"; };
		F9317E152B25FA94007B17DE /* SignUpViewNext.swift */ = {isa = PBXFileReference; lastKnownFileType = sourcecode.swift; path = SignUpViewNext.swift; sourceTree = "<group>"; };
		F9317E172B25FBD6007B17DE /* SignUpHeader.swift */ = {isa = PBXFileReference; lastKnownFileType = sourcecode.swift; path = SignUpHeader.swift; sourceTree = "<group>"; };
		F9317E192B25FCEE007B17DE /* SignUpViewFinish.swift */ = {isa = PBXFileReference; lastKnownFileType = sourcecode.swift; path = SignUpViewFinish.swift; sourceTree = "<group>"; };
		F96D42302B20EF52001B53DB /* Orkut-Ui.app */ = {isa = PBXFileReference; explicitFileType = wrapper.application; includeInIndex = 0; path = "Orkut-Ui.app"; sourceTree = BUILT_PRODUCTS_DIR; };
		F96D42332B20EF52001B53DB /* Orkut_UiApp.swift */ = {isa = PBXFileReference; lastKnownFileType = sourcecode.swift; path = Orkut_UiApp.swift; sourceTree = "<group>"; };
		F96D42352B20EF52001B53DB /* ContentView.swift */ = {isa = PBXFileReference; lastKnownFileType = sourcecode.swift; path = ContentView.swift; sourceTree = "<group>"; };
		F96D42372B20EF53001B53DB /* Assets.xcassets */ = {isa = PBXFileReference; lastKnownFileType = folder.assetcatalog; path = Assets.xcassets; sourceTree = "<group>"; };
		F96D423A2B20EF53001B53DB /* Preview Assets.xcassets */ = {isa = PBXFileReference; lastKnownFileType = folder.assetcatalog; path = "Preview Assets.xcassets"; sourceTree = "<group>"; };
		F96D42482B21FC4E001B53DB /* SignInView.swift */ = {isa = PBXFileReference; lastKnownFileType = sourcecode.swift; path = SignInView.swift; sourceTree = "<group>"; };
		F96D424A2B21FC68001B53DB /* SignUpView.swift */ = {isa = PBXFileReference; lastKnownFileType = sourcecode.swift; path = SignUpView.swift; sourceTree = "<group>"; };
		F96D424C2B2200EA001B53DB /* OnboardingModels.swift */ = {isa = PBXFileReference; lastKnownFileType = sourcecode.swift; path = OnboardingModels.swift; sourceTree = "<group>"; };
		F96D42512B2201DF001B53DB /* Onboarding.swift */ = {isa = PBXFileReference; lastKnownFileType = sourcecode.swift; path = Onboarding.swift; sourceTree = "<group>"; };
		F96D42532B2210AE001B53DB /* SocialButton.swift */ = {isa = PBXFileReference; lastKnownFileType = sourcecode.swift; path = SocialButton.swift; sourceTree = "<group>"; };
		F96D42552B22140D001B53DB /* PrimaryButton.swift */ = {isa = PBXFileReference; lastKnownFileType = sourcecode.swift; path = PrimaryButton.swift; sourceTree = "<group>"; };
		F96D42572B221581001B53DB /* InputField.swift */ = {isa = PBXFileReference; lastKnownFileType = sourcecode.swift; path = InputField.swift; sourceTree = "<group>"; };
		F988B74C2B2C931100914EB6 /* ImageStory.swift */ = {isa = PBXFileReference; lastKnownFileType = sourcecode.swift; path = ImageStory.swift; sourceTree = "<group>"; };
		F988B74E2B2C9C9300914EB6 /* ImageProfile.swift */ = {isa = PBXFileReference; lastKnownFileType = sourcecode.swift; path = ImageProfile.swift; sourceTree = "<group>"; };
		F988B7502B2CDA1C00914EB6 /* FeedItem.swift */ = {isa = PBXFileReference; lastKnownFileType = sourcecode.swift; path = FeedItem.swift; sourceTree = "<group>"; };
		F988B7522B2CDB2800914EB6 /* Header.swift */ = {isa = PBXFileReference; lastKnownFileType = sourcecode.swift; path = Header.swift; sourceTree = "<group>"; };
		F988B7542B2CDB6A00914EB6 /* StorySection.swift */ = {isa = PBXFileReference; lastKnownFileType = sourcecode.swift; path = StorySection.swift; sourceTree = "<group>"; };
		F988B7562B2CED3A00914EB6 /* StoriesData.swift */ = {isa = PBXFileReference; lastKnownFileType = sourcecode.swift; path = StoriesData.swift; sourceTree = "<group>"; };
		F988B7582B2D049500914EB6 /* TabBarView.swift */ = {isa = PBXFileReference; lastKnownFileType = sourcecode.swift; path = TabBarView.swift; sourceTree = "<group>"; };
		F996FBC82B274FEC00335FF6 /* NextButton.swift */ = {isa = PBXFileReference; lastKnownFileType = sourcecode.swift; path = NextButton.swift; sourceTree = "<group>"; };
		F996FBCA2B2752DB00335FF6 /* OnboardingView.swift */ = {isa = PBXFileReference; lastKnownFileType = sourcecode.swift; path = OnboardingView.swift; sourceTree = "<group>"; };
/* End PBXFileReference section */

/* Begin PBXFrameworksBuildPhase section */
		F96D422D2B20EF52001B53DB /* Frameworks */ = {
			isa = PBXFrameworksBuildPhase;
			buildActionMask = 2147483647;
			files = (
			);
			runOnlyForDeploymentPostprocessing = 0;
		};
/* End PBXFrameworksBuildPhase section */

/* Begin PBXGroup section */
		F9317E122B25F017007B17DE /* Utils */ = {
			isa = PBXGroup;
			children = (
				F9317E132B25F028007B17DE /* SliderCircles.swift */,
				F988B7562B2CED3A00914EB6 /* StoriesData.swift */,
			);
			path = Utils;
			sourceTree = "<group>";
		};
		F96D42272B20EF52001B53DB = {
			isa = PBXGroup;
			children = (
				F96D42322B20EF52001B53DB /* Orkut-Ui */,
				F96D42312B20EF52001B53DB /* Products */,
			);
			sourceTree = "<group>";
		};
		F96D42312B20EF52001B53DB /* Products */ = {
			isa = PBXGroup;
			children = (
				F96D42302B20EF52001B53DB /* Orkut-Ui.app */,
			);
			name = Products;
			sourceTree = "<group>";
		};
		F96D42322B20EF52001B53DB /* Orkut-Ui */ = {
			isa = PBXGroup;
			children = (
				F96D42422B20F4DC001B53DB /* App */,
				F96D42412B20EF81001B53DB /* resources */,
			);
			path = "Orkut-Ui";
			sourceTree = "<group>";
		};
		F96D42392B20EF53001B53DB /* Preview Content */ = {
			isa = PBXGroup;
			children = (
				F96D423A2B20EF53001B53DB /* Preview Assets.xcassets */,
			);
			path = "Preview Content";
			sourceTree = "<group>";
		};
		F96D42412B20EF81001B53DB /* resources */ = {
			isa = PBXGroup;
			children = (
				F96D42392B20EF53001B53DB /* Preview Content */,
				F96D42372B20EF53001B53DB /* Assets.xcassets */,
			);
			path = resources;
			sourceTree = "<group>";
		};
		F96D42422B20F4DC001B53DB /* App */ = {
			isa = PBXGroup;
			children = (
				F9317E122B25F017007B17DE /* Utils */,
				F96D42332B20EF52001B53DB /* Orkut_UiApp.swift */,
				F96D42452B20F4F5001B53DB /* ViewModels */,
				F96D42442B20F4EB001B53DB /* Models */,
				F96D42432B20F4E3001B53DB /* Views */,
				F92757FC2B2B8315009A8F9A /* LaunchScreen.storyboard */,
			);
			path = App;
			sourceTree = "<group>";
		};
		F96D42432B20F4E3001B53DB /* Views */ = {
			isa = PBXGroup;
			children = (
				F96D42502B2201CA001B53DB /* Components */,
				F96D42352B20EF52001B53DB /* ContentView.swift */,
				F996FBCA2B2752DB00335FF6 /* OnboardingView.swift */,
				F96D42482B21FC4E001B53DB /* SignInView.swift */,
				F96D424A2B21FC68001B53DB /* SignUpView.swift */,
				F9317E152B25FA94007B17DE /* SignUpViewNext.swift */,
				F9317E192B25FCEE007B17DE /* SignUpViewFinish.swift */,
				F92757FE2B2B99E5009A8F9A /* HomeView.swift */,
				F988B7582B2D049500914EB6 /* TabBarView.swift */,
			);
			path = Views;
			sourceTree = "<group>";
		};
		F96D42442B20F4EB001B53DB /* Models */ = {
			isa = PBXGroup;
			children = (
				F96D424C2B2200EA001B53DB /* OnboardingModels.swift */,
			);
			path = Models;
			sourceTree = "<group>";
		};
		F96D42452B20F4F5001B53DB /* ViewModels */ = {
			isa = PBXGroup;
			children = (
				F9317E0A2B25E5EC007B17DE /* SplashScreenViewModel.swift */,
				F9317E0C2B25E755007B17DE /* BackButtonViewModel.swift */,
			);
			path = ViewModels;
			sourceTree = "<group>";
		};
		F96D42502B2201CA001B53DB /* Components */ = {
			isa = PBXGroup;
			children = (
				F96D42512B2201DF001B53DB /* Onboarding.swift */,
				F96D42532B2210AE001B53DB /* SocialButton.swift */,
				F96D42552B22140D001B53DB /* PrimaryButton.swift */,
				F96D42572B221581001B53DB /* InputField.swift */,
				F9317E082B25E484007B17DE /* SplashScreen.swift */,
				F9317E0E2B25E7A7007B17DE /* BackButtonView.swift */,
				F9317E102B25EBA8007B17DE /* NeedHelp.swift */,
				F9317E172B25FBD6007B17DE /* SignUpHeader.swift */,
				F996FBC82B274FEC00335FF6 /* NextButton.swift */,
				F92757F82B2B720A009A8F9A /* SignInFooter.swift */,
				F92757FA2B2B7600009A8F9A /* Logo.swift */,
				F988B74C2B2C931100914EB6 /* ImageStory.swift */,
				F988B74E2B2C9C9300914EB6 /* ImageProfile.swift */,
				F988B7502B2CDA1C00914EB6 /* FeedItem.swift */,
				F988B7522B2CDB2800914EB6 /* Header.swift */,
				F988B7542B2CDB6A00914EB6 /* StorySection.swift */,
			);
			path = Components;
			sourceTree = "<group>";
		};
/* End PBXGroup section */

/* Begin PBXNativeTarget section */
		F96D422F2B20EF52001B53DB /* Orkut-Ui */ = {
			isa = PBXNativeTarget;
			buildConfigurationList = F96D423E2B20EF53001B53DB /* Build configuration list for PBXNativeTarget "Orkut-Ui" */;
			buildPhases = (
				F96D422C2B20EF52001B53DB /* Sources */,
				F96D422D2B20EF52001B53DB /* Frameworks */,
				F96D422E2B20EF52001B53DB /* Resources */,
			);
			buildRules = (
			);
			dependencies = (
			);
			name = "Orkut-Ui";
			productName = "Orkut-Ui";
			productReference = F96D42302B20EF52001B53DB /* Orkut-Ui.app */;
			productType = "com.apple.product-type.application";
		};
/* End PBXNativeTarget section */

/* Begin PBXProject section */
		F96D42282B20EF52001B53DB /* Project object */ = {
			isa = PBXProject;
			attributes = {
				BuildIndependentTargetsInParallel = 1;
				LastSwiftUpdateCheck = 1410;
				LastUpgradeCheck = 1410;
				TargetAttributes = {
					F96D422F2B20EF52001B53DB = {
						CreatedOnToolsVersion = 14.1;
					};
				};
			};
			buildConfigurationList = F96D422B2B20EF52001B53DB /* Build configuration list for PBXProject "Orkut-Ui" */;
			compatibilityVersion = "Xcode 14.0";
			developmentRegion = en;
			hasScannedForEncodings = 0;
			knownRegions = (
				en,
				Base,
			);
			mainGroup = F96D42272B20EF52001B53DB;
			productRefGroup = F96D42312B20EF52001B53DB /* Products */;
			projectDirPath = "";
			projectRoot = "";
			targets = (
				F96D422F2B20EF52001B53DB /* Orkut-Ui */,
			);
		};
/* End PBXProject section */

/* Begin PBXResourcesBuildPhase section */
		F96D422E2B20EF52001B53DB /* Resources */ = {
			isa = PBXResourcesBuildPhase;
			buildActionMask = 2147483647;
			files = (
				F92757FD2B2B8315009A8F9A /* LaunchScreen.storyboard in Resources */,
				F96D423B2B20EF53001B53DB /* Preview Assets.xcassets in Resources */,
				F96D42382B20EF53001B53DB /* Assets.xcassets in Resources */,
			);
			runOnlyForDeploymentPostprocessing = 0;
		};
/* End PBXResourcesBuildPhase section */

/* Begin PBXSourcesBuildPhase section */
		F96D422C2B20EF52001B53DB /* Sources */ = {
			isa = PBXSourcesBuildPhase;
			buildActionMask = 2147483647;
			files = (
				F9317E142B25F028007B17DE /* SliderCircles.swift in Sources */,
				F96D42582B221581001B53DB /* InputField.swift in Sources */,
				F9317E182B25FBD6007B17DE /* SignUpHeader.swift in Sources */,
				F96D424D2B2200EA001B53DB /* OnboardingModels.swift in Sources */,
				F92757FB2B2B7600009A8F9A /* Logo.swift in Sources */,
				F996FBC92B274FEC00335FF6 /* NextButton.swift in Sources */,
				F988B7512B2CDA1C00914EB6 /* FeedItem.swift in Sources */,
				F9317E0D2B25E755007B17DE /* BackButtonViewModel.swift in Sources */,
				F9317E162B25FA94007B17DE /* SignUpViewNext.swift in Sources */,
				F9317E1A2B25FCEE007B17DE /* SignUpViewFinish.swift in Sources */,
				F988B7532B2CDB2800914EB6 /* Header.swift in Sources */,
				F988B7552B2CDB6A00914EB6 /* StorySection.swift in Sources */,
				F988B7572B2CED3A00914EB6 /* StoriesData.swift in Sources */,
				F96D424B2B21FC68001B53DB /* SignUpView.swift in Sources */,
				F9317E0F2B25E7A7007B17DE /* BackButtonView.swift in Sources */,
				F96D42362B20EF52001B53DB /* ContentView.swift in Sources */,
				F988B74F2B2C9C9300914EB6 /* ImageProfile.swift in Sources */,
				F9317E092B25E484007B17DE /* SplashScreen.swift in Sources */,
				F96D42492B21FC4E001B53DB /* SignInView.swift in Sources */,
				F96D42522B2201DF001B53DB /* Onboarding.swift in Sources */,
				F96D42562B22140D001B53DB /* PrimaryButton.swift in Sources */,
				F9317E112B25EBA8007B17DE /* NeedHelp.swift in Sources */,
				F9317E0B2B25E5EC007B17DE /* SplashScreenViewModel.swift in Sources */,
				F96D42342B20EF52001B53DB /* Orkut_UiApp.swift in Sources */,
				F92757F92B2B720A009A8F9A /* SignInFooter.swift in Sources */,
				F996FBCB2B2752DB00335FF6 /* OnboardingView.swift in Sources */,
				F92757FF2B2B99E5009A8F9A /* HomeView.swift in Sources */,
				F96D42542B2210AE001B53DB /* SocialButton.swift in Sources */,
				F988B7592B2D049500914EB6 /* TabBarView.swift in Sources */,
				F988B74D2B2C931100914EB6 /* ImageStory.swift in Sources */,
			);
			runOnlyForDeploymentPostprocessing = 0;
		};
/* End PBXSourcesBuildPhase section */

/* Begin XCBuildConfiguration section */
		F96D423C2B20EF53001B53DB /* Debug */ = {
			isa = XCBuildConfiguration;
			buildSettings = {
				ALWAYS_SEARCH_USER_PATHS = NO;
				CLANG_ANALYZER_NONNULL = YES;
				CLANG_ANALYZER_NUMBER_OBJECT_CONVERSION = YES_AGGRESSIVE;
				CLANG_CXX_LANGUAGE_STANDARD = "gnu++20";
				CLANG_ENABLE_MODULES = YES;
				CLANG_ENABLE_OBJC_ARC = YES;
				CLANG_ENABLE_OBJC_WEAK = YES;
				CLANG_WARN_BLOCK_CAPTURE_AUTORELEASING = YES;
				CLANG_WARN_BOOL_CONVERSION = YES;
				CLANG_WARN_COMMA = YES;
				CLANG_WARN_CONSTANT_CONVERSION = YES;
				CLANG_WARN_DEPRECATED_OBJC_IMPLEMENTATIONS = YES;
				CLANG_WARN_DIRECT_OBJC_ISA_USAGE = YES_ERROR;
				CLANG_WARN_DOCUMENTATION_COMMENTS = YES;
				CLANG_WARN_EMPTY_BODY = YES;
				CLANG_WARN_ENUM_CONVERSION = YES;
				CLANG_WARN_INFINITE_RECURSION = YES;
				CLANG_WARN_INT_CONVERSION = YES;
				CLANG_WARN_NON_LITERAL_NULL_CONVERSION = YES;
				CLANG_WARN_OBJC_IMPLICIT_RETAIN_SELF = YES;
				CLANG_WARN_OBJC_LITERAL_CONVERSION = YES;
				CLANG_WARN_OBJC_ROOT_CLASS = YES_ERROR;
				CLANG_WARN_QUOTED_INCLUDE_IN_FRAMEWORK_HEADER = YES;
				CLANG_WARN_RANGE_LOOP_ANALYSIS = YES;
				CLANG_WARN_STRICT_PROTOTYPES = YES;
				CLANG_WARN_SUSPICIOUS_MOVE = YES;
				CLANG_WARN_UNGUARDED_AVAILABILITY = YES_AGGRESSIVE;
				CLANG_WARN_UNREACHABLE_CODE = YES;
				CLANG_WARN__DUPLICATE_METHOD_MATCH = YES;
				COPY_PHASE_STRIP = NO;
				DEBUG_INFORMATION_FORMAT = dwarf;
				ENABLE_STRICT_OBJC_MSGSEND = YES;
				ENABLE_TESTABILITY = YES;
				GCC_C_LANGUAGE_STANDARD = gnu11;
				GCC_DYNAMIC_NO_PIC = NO;
				GCC_NO_COMMON_BLOCKS = YES;
				GCC_OPTIMIZATION_LEVEL = 0;
				GCC_PREPROCESSOR_DEFINITIONS = (
					"DEBUG=1",
					"$(inherited)",
				);
				GCC_WARN_64_TO_32_BIT_CONVERSION = YES;
				GCC_WARN_ABOUT_RETURN_TYPE = YES_ERROR;
				GCC_WARN_UNDECLARED_SELECTOR = YES;
				GCC_WARN_UNINITIALIZED_AUTOS = YES_AGGRESSIVE;
				GCC_WARN_UNUSED_FUNCTION = YES;
				GCC_WARN_UNUSED_VARIABLE = YES;
				IPHONEOS_DEPLOYMENT_TARGET = 16.1;
				MTL_ENABLE_DEBUG_INFO = INCLUDE_SOURCE;
				MTL_FAST_MATH = YES;
				ONLY_ACTIVE_ARCH = YES;
				SDKROOT = iphoneos;
				SWIFT_ACTIVE_COMPILATION_CONDITIONS = DEBUG;
				SWIFT_OPTIMIZATION_LEVEL = "-Onone";
			};
			name = Debug;
		};
		F96D423D2B20EF53001B53DB /* Release */ = {
			isa = XCBuildConfiguration;
			buildSettings = {
				ALWAYS_SEARCH_USER_PATHS = NO;
				CLANG_ANALYZER_NONNULL = YES;
				CLANG_ANALYZER_NUMBER_OBJECT_CONVERSION = YES_AGGRESSIVE;
				CLANG_CXX_LANGUAGE_STANDARD = "gnu++20";
				CLANG_ENABLE_MODULES = YES;
				CLANG_ENABLE_OBJC_ARC = YES;
				CLANG_ENABLE_OBJC_WEAK = YES;
				CLANG_WARN_BLOCK_CAPTURE_AUTORELEASING = YES;
				CLANG_WARN_BOOL_CONVERSION = YES;
				CLANG_WARN_COMMA = YES;
				CLANG_WARN_CONSTANT_CONVERSION = YES;
				CLANG_WARN_DEPRECATED_OBJC_IMPLEMENTATIONS = YES;
				CLANG_WARN_DIRECT_OBJC_ISA_USAGE = YES_ERROR;
				CLANG_WARN_DOCUMENTATION_COMMENTS = YES;
				CLANG_WARN_EMPTY_BODY = YES;
				CLANG_WARN_ENUM_CONVERSION = YES;
				CLANG_WARN_INFINITE_RECURSION = YES;
				CLANG_WARN_INT_CONVERSION = YES;
				CLANG_WARN_NON_LITERAL_NULL_CONVERSION = YES;
				CLANG_WARN_OBJC_IMPLICIT_RETAIN_SELF = YES;
				CLANG_WARN_OBJC_LITERAL_CONVERSION = YES;
				CLANG_WARN_OBJC_ROOT_CLASS = YES_ERROR;
				CLANG_WARN_QUOTED_INCLUDE_IN_FRAMEWORK_HEADER = YES;
				CLANG_WARN_RANGE_LOOP_ANALYSIS = YES;
				CLANG_WARN_STRICT_PROTOTYPES = YES;
				CLANG_WARN_SUSPICIOUS_MOVE = YES;
				CLANG_WARN_UNGUARDED_AVAILABILITY = YES_AGGRESSIVE;
				CLANG_WARN_UNREACHABLE_CODE = YES;
				CLANG_WARN__DUPLICATE_METHOD_MATCH = YES;
				COPY_PHASE_STRIP = NO;
				DEBUG_INFORMATION_FORMAT = "dwarf-with-dsym";
				ENABLE_NS_ASSERTIONS = NO;
				ENABLE_STRICT_OBJC_MSGSEND = YES;
				GCC_C_LANGUAGE_STANDARD = gnu11;
				GCC_NO_COMMON_BLOCKS = YES;
				GCC_WARN_64_TO_32_BIT_CONVERSION = YES;
				GCC_WARN_ABOUT_RETURN_TYPE = YES_ERROR;
				GCC_WARN_UNDECLARED_SELECTOR = YES;
				GCC_WARN_UNINITIALIZED_AUTOS = YES_AGGRESSIVE;
				GCC_WARN_UNUSED_FUNCTION = YES;
				GCC_WARN_UNUSED_VARIABLE = YES;
				IPHONEOS_DEPLOYMENT_TARGET = 16.1;
				MTL_ENABLE_DEBUG_INFO = NO;
				MTL_FAST_MATH = YES;
				SDKROOT = iphoneos;
				SWIFT_COMPILATION_MODE = wholemodule;
				SWIFT_OPTIMIZATION_LEVEL = "-O";
				VALIDATE_PRODUCT = YES;
			};
			name = Release;
		};
		F96D423F2B20EF53001B53DB /* Debug */ = {
			isa = XCBuildConfiguration;
			buildSettings = {
				ASSETCATALOG_COMPILER_APPICON_NAME = AppIcon;
				ASSETCATALOG_COMPILER_GLOBAL_ACCENT_COLOR_NAME = AccentColor;
				CODE_SIGN_STYLE = Automatic;
				CURRENT_PROJECT_VERSION = 1;
				DEVELOPMENT_ASSET_PATHS = "\"Orkut-Ui/resources/Preview Content\"";
				DEVELOPMENT_TEAM = V5644P74A6;
				ENABLE_PREVIEWS = YES;
				GENERATE_INFOPLIST_FILE = YES;
				INFOPLIST_KEY_UIApplicationSceneManifest_Generation = YES;
				INFOPLIST_KEY_UIApplicationSupportsIndirectInputEvents = YES;
				INFOPLIST_KEY_UILaunchScreen_Generation = YES;
				INFOPLIST_KEY_UILaunchStoryboardName = LaunchScreen.storyboard;
				INFOPLIST_KEY_UISupportedInterfaceOrientations_iPad = "UIInterfaceOrientationPortrait UIInterfaceOrientationPortraitUpsideDown UIInterfaceOrientationLandscapeLeft UIInterfaceOrientationLandscapeRight";
				INFOPLIST_KEY_UISupportedInterfaceOrientations_iPhone = "UIInterfaceOrientationPortrait UIInterfaceOrientationLandscapeLeft UIInterfaceOrientationLandscapeRight";
				LD_RUNPATH_SEARCH_PATHS = (
					"$(inherited)",
					"@executable_path/Frameworks",
				);
				MARKETING_VERSION = 1.0;
				PRODUCT_BUNDLE_IDENTIFIER = "welliton.Orkut-Ui";
				PRODUCT_NAME = "$(TARGET_NAME)";
				SWIFT_EMIT_LOC_STRINGS = YES;
				SWIFT_VERSION = 5.0;
				TARGETED_DEVICE_FAMILY = "1,2";
			};
			name = Debug;
		};
		F96D42402B20EF53001B53DB /* Release */ = {
			isa = XCBuildConfiguration;
			buildSettings = {
				ASSETCATALOG_COMPILER_APPICON_NAME = AppIcon;
				ASSETCATALOG_COMPILER_GLOBAL_ACCENT_COLOR_NAME = AccentColor;
				CODE_SIGN_STYLE = Automatic;
				CURRENT_PROJECT_VERSION = 1;
				DEVELOPMENT_ASSET_PATHS = "\"Orkut-Ui/resources/Preview Content\"";
				DEVELOPMENT_TEAM = V5644P74A6;
				ENABLE_PREVIEWS = YES;
				GENERATE_INFOPLIST_FILE = YES;
				INFOPLIST_KEY_UIApplicationSceneManifest_Generation = YES;
				INFOPLIST_KEY_UIApplicationSupportsIndirectInputEvents = YES;
				INFOPLIST_KEY_UILaunchScreen_Generation = YES;
				INFOPLIST_KEY_UILaunchStoryboardName = LaunchScreen.storyboard;
				INFOPLIST_KEY_UISupportedInterfaceOrientations_iPad = "UIInterfaceOrientationPortrait UIInterfaceOrientationPortraitUpsideDown UIInterfaceOrientationLandscapeLeft UIInterfaceOrientationLandscapeRight";
				INFOPLIST_KEY_UISupportedInterfaceOrientations_iPhone = "UIInterfaceOrientationPortrait UIInterfaceOrientationLandscapeLeft UIInterfaceOrientationLandscapeRight";
				LD_RUNPATH_SEARCH_PATHS = (
					"$(inherited)",
					"@executable_path/Frameworks",
				);
				MARKETING_VERSION = 1.0;
				PRODUCT_BUNDLE_IDENTIFIER = "welliton.Orkut-Ui";
				PRODUCT_NAME = "$(TARGET_NAME)";
				SWIFT_EMIT_LOC_STRINGS = YES;
				SWIFT_VERSION = 5.0;
				TARGETED_DEVICE_FAMILY = "1,2";
			};
			name = Release;
		};
/* End XCBuildConfiguration section */

/* Begin XCConfigurationList section */
		F96D422B2B20EF52001B53DB /* Build configuration list for PBXProject "Orkut-Ui" */ = {
			isa = XCConfigurationList;
			buildConfigurations = (
				F96D423C2B20EF53001B53DB /* Debug */,
				F96D423D2B20EF53001B53DB /* Release */,
			);
			defaultConfigurationIsVisible = 0;
			defaultConfigurationName = Release;
		};
		F96D423E2B20EF53001B53DB /* Build configuration list for PBXNativeTarget "Orkut-Ui" */ = {
			isa = XCConfigurationList;
			buildConfigurations = (
				F96D423F2B20EF53001B53DB /* Debug */,
				F96D42402B20EF53001B53DB /* Release */,
			);
			defaultConfigurationIsVisible = 0;
			defaultConfigurationName = Release;
		};
/* End XCConfigurationList section */
	};
	rootObject = F96D42282B20EF52001B53DB /* Project object */;
}
